
Microsoft Visual Studio Solution File, Format Version 12.00
# Visual Studio 14
VisualStudioVersion = 14.0.23107.0
MinimumVisualStudioVersion = 10.0.40219.1
Project("{FAE04EC0-301F-11D3-BF4B-00C04F79EFBC}") = "Monier.Tests", "Monier.Tests\Monier.Tests.csproj", "{95728D7F-A623-4F94-9367-C332A4DAA8F7}"
EndProject
Project("{FAE04EC0-301F-11D3-BF4B-00C04F79EFBC}") = "Monier", "Monier\Monier.csproj", "{8070E202-0199-4587-BA97-1DB37B64C60C}"
EndProject
Project("{FAE04EC0-301F-11D3-BF4B-00C04F79EFBC}") = "Monier.Extensions", "Monier.Extensions\Monier.Extensions.csproj", "{6EBF00FF-4CC1-44E0-9D15-55973A64303B}"
EndProject
Project("{FAE04EC0-301F-11D3-BF4B-00C04F79EFBC}") = "Monier.Extensions.Tests", "Monier.Extensions.Tests\Monier.Extensions.Tests.csproj", "{A0AF74C3-C987-4F49-960F-962AE91B102E}"
EndProject
Global
	GlobalSection(SolutionConfigurationPlatforms) = preSolution
		Debug|Any CPU = Debug|Any CPU
		Release|Any CPU = Release|Any CPU
	EndGlobalSection
	GlobalSection(ProjectConfigurationPlatforms) = postSolution
		{95728D7F-A623-4F94-9367-C332A4DAA8F7}.Debug|Any CPU.ActiveCfg = Debug|Any CPU
		{95728D7F-A623-4F94-9367-C332A4DAA8F7}.Debug|Any CPU.Build.0 = Debug|Any CPU
		{95728D7F-A623-4F94-9367-C332A4DAA8F7}.Release|Any CPU.ActiveCfg = Release|Any CPU
		{95728D7F-A623-4F94-9367-C332A4DAA8F7}.Release|Any CPU.Build.0 = Release|Any CPU
		{8070E202-0199-4587-BA97-1DB37B64C60C}.Debug|Any CPU.ActiveCfg = Debug|Any CPU
		{8070E202-0199-4587-BA97-1DB37B64C60C}.Debug|Any CPU.Build.0 = Debug|Any CPU
		{8070E202-0199-4587-BA97-1DB37B64C60C}.Release|Any CPU.ActiveCfg = Release|Any CPU
		{8070E202-0199-4587-BA97-1DB37B64C60C}.Release|Any CPU.Build.0 = Release|Any CPU
		{6EBF00FF-4CC1-44E0-9D15-55973A64303B}.Debug|Any CPU.ActiveCfg = Debug|Any CPU
		{6EBF00FF-4CC1-44E0-9D15-55973A64303B}.Debug|Any CPU.Build.0 = Debug|Any CPU
		{6EBF00FF-4CC1-44E0-9D15-55973A64303B}.Release|Any CPU.ActiveCfg = Release|Any CPU
		{6EBF00FF-4CC1-44E0-9D15-55973A64303B}.Release|Any CPU.Build.0 = Release|Any CPU
		{A0AF74C3-C987-4F49-960F-962AE91B102E}.Debug|Any CPU.ActiveCfg = Debug|Any CPU
		{A0AF74C3-C987-4F49-960F-962AE91B102E}.Debug|Any CPU.Build.0 = Debug|Any CPU
		{A0AF74C3-C987-4F49-960F-962AE91B102E}.Release|Any CPU.ActiveCfg = Release|Any CPU
		{A0AF74C3-C987-4F49-960F-962AE91B102E}.Release|Any CPU.Build.0 = Release|Any CPU
	EndGlobalSection
	GlobalSection(SolutionProperties) = preSolution
		HideSolutionNode = FALSE
	EndGlobalSection
EndGlobal
